
Microsoft Visual Studio Solution File, Format Version 12.00
# Visual Studio 14
VisualStudioVersion = 14.0.24720.0
MinimumVisualStudioVersion = 10.0.40219.1
Project("{FAE04EC0-301F-11D3-BF4B-00C04F79EFBC}") = "BlogTest.Data.Model", "BlogTest.Data.Model\BlogTest.Data.Model.csproj", "{94B9D374-3962-46AE-B63B-0DA54A8E9528}"
EndProject
Project("{FAE04EC0-301F-11D3-BF4B-00C04F79EFBC}") = "BlogTest.Data", "BlogTest.Data\BlogTest.Data.csproj", "{4F66E1D6-9425-49EB-8E71-1C855716303F}"
EndProject
Project("{FAE04EC0-301F-11D3-BF4B-00C04F79EFBC}") = "BlogTest.Presentation.UnitTest", "BlogTest.Presentation.UnitTest\BlogTest.Presentation.UnitTest.csproj", "{99AC3B58-ADF4-43B7-A924-5234C9648FCB}"
EndProject
Global
	GlobalSection(SolutionConfigurationPlatforms) = preSolution
		Debug|Any CPU = Debug|Any CPU
		Release|Any CPU = Release|Any CPU
	EndGlobalSection
	GlobalSection(ProjectConfigurationPlatforms) = postSolution
		{94B9D374-3962-46AE-B63B-0DA54A8E9528}.Debug|Any CPU.ActiveCfg = Debug|Any CPU
		{94B9D374-3962-46AE-B63B-0DA54A8E9528}.Debug|Any CPU.Build.0 = Debug|Any CPU
		{94B9D374-3962-46AE-B63B-0DA54A8E9528}.Release|Any CPU.ActiveCfg = Release|Any CPU
		{94B9D374-3962-46AE-B63B-0DA54A8E9528}.Release|Any CPU.Build.0 = Release|Any CPU
		{4F66E1D6-9425-49EB-8E71-1C855716303F}.Debug|Any CPU.ActiveCfg = Debug|Any CPU
		{4F66E1D6-9425-49EB-8E71-1C855716303F}.Debug|Any CPU.Build.0 = Debug|Any CPU
		{4F66E1D6-9425-49EB-8E71-1C855716303F}.Release|Any CPU.ActiveCfg = Release|Any CPU
		{4F66E1D6-9425-49EB-8E71-1C855716303F}.Release|Any CPU.Build.0 = Release|Any CPU
		{99AC3B58-ADF4-43B7-A924-5234C9648FCB}.Debug|Any CPU.ActiveCfg = Debug|Any CPU
		{99AC3B58-ADF4-43B7-A924-5234C9648FCB}.Debug|Any CPU.Build.0 = Debug|Any CPU
		{99AC3B58-ADF4-43B7-A924-5234C9648FCB}.Release|Any CPU.ActiveCfg = Release|Any CPU
		{99AC3B58-ADF4-43B7-A924-5234C9648FCB}.Release|Any CPU.Build.0 = Release|Any CPU
	EndGlobalSection
	GlobalSection(SolutionProperties) = preSolution
		HideSolutionNode = FALSE
	EndGlobalSection
EndGlobal
